
Microsoft Visual Studio Solution File, Format Version 12.00
# Visual Studio Version 16
VisualStudioVersion = 16.0.29806.167
MinimumVisualStudioVersion = 10.0.40219.1
Project("{F184B08F-C81C-45F6-A57F-5ABD9991F28F}") = "窗口调节器", "窗口调节器\窗口调节器.vbproj", "{AB25E5C7-9566-4BDC-A6E7-3A72CDEAEC8B}"
EndProject
Project("{2150E333-8FDC-42A3-9474-1A3956D46DE8}") = "Solution Items", "Solution Items", "{963A4F09-0980-4CF9-A943-A8BCAD7B59A6}"
	ProjectSection(SolutionItems) = preProject
		README.md = README.md
	EndProjectSection
EndProject
Project("{C7167F0D-BC9F-4E6E-AFE1-012C56B48DB5}") = "窗口调节器.UwpPackaging", "窗口调节器.UwpPackaging\窗口调节器.UwpPackaging.wapproj", "{F77B2B19-493F-40BF-968B-E2B9EEDFF66B}"
EndProject
Global
	GlobalSection(SolutionConfigurationPlatforms) = preSolution
		Debug|Any CPU = Debug|Any CPU
		Debug|ARM = Debug|ARM
		Debug|ARM64 = Debug|ARM64
		Debug|x64 = Debug|x64
		Debug|x86 = Debug|x86
		Release|Any CPU = Release|Any CPU
		Release|ARM = Release|ARM
		Release|ARM64 = Release|ARM64
		Release|x64 = Release|x64
		Release|x86 = Release|x86
	EndGlobalSection
	GlobalSection(ProjectConfigurationPlatforms) = postSolution
		{AB25E5C7-9566-4BDC-A6E7-3A72CDEAEC8B}.Debug|Any CPU.ActiveCfg = Debug|Any CPU
		{AB25E5C7-9566-4BDC-A6E7-3A72CDEAEC8B}.Debug|Any CPU.Build.0 = Debug|Any CPU
		{AB25E5C7-9566-4BDC-A6E7-3A72CDEAEC8B}.Debug|ARM.ActiveCfg = Debug|Any CPU
		{AB25E5C7-9566-4BDC-A6E7-3A72CDEAEC8B}.Debug|ARM.Build.0 = Debug|Any CPU
		{AB25E5C7-9566-4BDC-A6E7-3A72CDEAEC8B}.Debug|ARM64.ActiveCfg = Debug|Any CPU
		{AB25E5C7-9566-4BDC-A6E7-3A72CDEAEC8B}.Debug|ARM64.Build.0 = Debug|Any CPU
		{AB25E5C7-9566-4BDC-A6E7-3A72CDEAEC8B}.Debug|x64.ActiveCfg = Debug|Any CPU
		{AB25E5C7-9566-4BDC-A6E7-3A72CDEAEC8B}.Debug|x64.Build.0 = Debug|Any CPU
		{AB25E5C7-9566-4BDC-A6E7-3A72CDEAEC8B}.Debug|x86.ActiveCfg = Debug|Any CPU
		{AB25E5C7-9566-4BDC-A6E7-3A72CDEAEC8B}.Debug|x86.Build.0 = Debug|Any CPU
		{AB25E5C7-9566-4BDC-A6E7-3A72CDEAEC8B}.Release|Any CPU.ActiveCfg = Release|Any CPU
		{AB25E5C7-9566-4BDC-A6E7-3A72CDEAEC8B}.Release|Any CPU.Build.0 = Release|Any CPU
		{AB25E5C7-9566-4BDC-A6E7-3A72CDEAEC8B}.Release|ARM.ActiveCfg = Release|Any CPU
		{AB25E5C7-9566-4BDC-A6E7-3A72CDEAEC8B}.Release|ARM.Build.0 = Release|Any CPU
		{AB25E5C7-9566-4BDC-A6E7-3A72CDEAEC8B}.Release|ARM64.ActiveCfg = Release|Any CPU
		{AB25E5C7-9566-4BDC-A6E7-3A72CDEAEC8B}.Release|ARM64.Build.0 = Release|Any CPU
		{AB25E5C7-9566-4BDC-A6E7-3A72CDEAEC8B}.Release|x64.ActiveCfg = Release|Any CPU
		{AB25E5C7-9566-4BDC-A6E7-3A72CDEAEC8B}.Release|x64.Build.0 = Release|Any CPU
		{AB25E5C7-9566-4BDC-A6E7-3A72CDEAEC8B}.Release|x86.ActiveCfg = Release|Any CPU
		{AB25E5C7-9566-4BDC-A6E7-3A72CDEAEC8B}.Release|x86.Build.0 = Release|Any CPU
		{F77B2B19-493F-40BF-968B-E2B9EEDFF66B}.Debug|Any CPU.ActiveCfg = Debug|Any CPU
		{F77B2B19-493F-40BF-968B-E2B9EEDFF66B}.Debug|Any CPU.Build.0 = Debug|Any CPU
		{F77B2B19-493F-40BF-968B-E2B9EEDFF66B}.Debug|Any CPU.Deploy.0 = Debug|Any CPU
		{F77B2B19-493F-40BF-968B-E2B9EEDFF66B}.Debug|ARM.ActiveCfg = Debug|ARM
		{F77B2B19-493F-40BF-968B-E2B9EEDFF66B}.Debug|ARM.Build.0 = Debug|ARM
		{F77B2B19-493F-40BF-968B-E2B9EEDFF66B}.Debug|ARM.Deploy.0 = Debug|ARM
		{F77B2B19-493F-40BF-968B-E2B9EEDFF66B}.Debug|ARM64.ActiveCfg = Debug|ARM64
		{F77B2B19-493F-40BF-968B-E2B9EEDFF66B}.Debug|ARM64.Build.0 = Debug|ARM64
		{F77B2B19-493F-40BF-968B-E2B9EEDFF66B}.Debug|ARM64.Deploy.0 = Debug|ARM64
		{F77B2B19-493F-40BF-968B-E2B9EEDFF66B}.Debug|x64.ActiveCfg = Debug|x64
		{F77B2B19-493F-40BF-968B-E2B9EEDFF66B}.Debug|x64.Build.0 = Debug|x64
		{F77B2B19-493F-40BF-968B-E2B9EEDFF66B}.Debug|x64.Deploy.0 = Debug|x64
		{F77B2B19-493F-40BF-968B-E2B9EEDFF66B}.Debug|x86.ActiveCfg = Debug|x86
		{F77B2B19-493F-40BF-968B-E2B9EEDFF66B}.Debug|x86.Build.0 = Debug|x86
		{F77B2B19-493F-40BF-968B-E2B9EEDFF66B}.Debug|x86.Deploy.0 = Debug|x86
		{F77B2B19-493F-40BF-968B-E2B9EEDFF66B}.Release|Any CPU.ActiveCfg = Release|Any CPU
		{F77B2B19-493F-40BF-968B-E2B9EEDFF66B}.Release|Any CPU.Build.0 = Release|Any CPU
		{F77B2B19-493F-40BF-968B-E2B9EEDFF66B}.Release|Any CPU.Deploy.0 = Release|Any CPU
		{F77B2B19-493F-40BF-968B-E2B9EEDFF66B}.Release|ARM.ActiveCfg = Release|ARM
		{F77B2B19-493F-40BF-968B-E2B9EEDFF66B}.Release|ARM.Build.0 = Release|ARM
		{F77B2B19-493F-40BF-968B-E2B9EEDFF66B}.Release|ARM.Deploy.0 = Release|ARM
		{F77B2B19-493F-40BF-968B-E2B9EEDFF66B}.Release|ARM64.ActiveCfg = Release|ARM64
		{F77B2B19-493F-40BF-968B-E2B9EEDFF66B}.Release|ARM64.Build.0 = Release|ARM64
		{F77B2B19-493F-40BF-968B-E2B9EEDFF66B}.Release|ARM64.Deploy.0 = Release|ARM64
		{F77B2B19-493F-40BF-968B-E2B9EEDFF66B}.Release|x64.ActiveCfg = Release|x64
		{F77B2B19-493F-40BF-968B-E2B9EEDFF66B}.Release|x64.Build.0 = Release|x64
		{F77B2B19-493F-40BF-968B-E2B9EEDFF66B}.Release|x64.Deploy.0 = Release|x64
		{F77B2B19-493F-40BF-968B-E2B9EEDFF66B}.Release|x86.ActiveCfg = Release|x86
		{F77B2B19-493F-40BF-968B-E2B9EEDFF66B}.Release|x86.Build.0 = Release|x86
		{F77B2B19-493F-40BF-968B-E2B9EEDFF66B}.Release|x86.Deploy.0 = Release|x86
	EndGlobalSection
	GlobalSection(SolutionProperties) = preSolution
		HideSolutionNode = FALSE
	EndGlobalSection
	GlobalSection(ExtensibilityGlobals) = postSolution
		SolutionGuid = {1AC1745E-4041-4732-96D3-4A2521A2CC90}
	EndGlobalSection
EndGlobal
